
Microsoft Visual Studio Solution File, Format Version 12.00
# Visual Studio 14
VisualStudioVersion = 14.0.25420.1
MinimumVisualStudioVersion = 10.0.40219.1
Project("{FAE04EC0-301F-11D3-BF4B-00C04F79EFBC}") = "Version3withdropdown", "Version3withdropdown\Version3withdropdown.csproj", "{17EEF269-47DF-4FE1-993E-8B1DC5A8C072}"
EndProject
Global
	GlobalSection(SolutionConfigurationPlatforms) = preSolution
		Debug|Any CPU = Debug|Any CPU
		Release|Any CPU = Release|Any CPU
	EndGlobalSection
	GlobalSection(ProjectConfigurationPlatforms) = postSolution
		{17EEF269-47DF-4FE1-993E-8B1DC5A8C072}.Debug|Any CPU.ActiveCfg = Debug|Any CPU
		{17EEF269-47DF-4FE1-993E-8B1DC5A8C072}.Debug|Any CPU.Build.0 = Debug|Any CPU
		{17EEF269-47DF-4FE1-993E-8B1DC5A8C072}.Release|Any CPU.ActiveCfg = Release|Any CPU
		{17EEF269-47DF-4FE1-993E-8B1DC5A8C072}.Release|Any CPU.Build.0 = Release|Any CPU
	EndGlobalSection
	GlobalSection(SolutionProperties) = preSolution
		HideSolutionNode = FALSE
	EndGlobalSection
EndGlobal
